<?xml version="1.0" encoding="utf-8"?>
<Project ToolsVersion="4.0" xmlns="http://schemas.microsoft.com/developer/msbuild/2003">
  <ItemGroup>
    <Filter Include="Source Files">
      <UniqueIdentifier>{4FC737F1-C7A5-4376-A066-2A32D752A2FF}</UniqueIdentifier>
      <Extensions>qml;cpp;c;cc;cxx;def;odl;idl;hpj;bat;asm;asmx</Extensions>
    </Filter>
    <Filter Include="Header Files">
      <UniqueIdentifier>{93995380-89BD-4b04-88EB-625FBE52EBFB}</UniqueIdentifier>
      <Extensions>h;hh;hpp;hxx;hm;inl;inc;xsd</Extensions>
    </Filter>
    <Filter Include="Resource Files">
      <UniqueIdentifier>{67DA6AB6-F800-4c08-8B7A-83BB121AAD01}</UniqueIdentifier>
      <Extensions>qrc;rc;ico;cur;bmp;dlg;rc2;rct;bin;rgs;gif;jpg;jpeg;jpe;resx;tiff;tif;png;wav;mfcribbon-ms</Extensions>
    </Filter>
    <Filter Include="Form Files">
      <UniqueIdentifier>{99349809-55BA-4b9d-BF79-8FDBB0286EB3}</UniqueIdentifier>
      <Extensions>ui</Extensions>
    </Filter>
    <Filter Include="Translation Files">
      <UniqueIdentifier>{639EADAA-A684-42e4-A9AD-28FC9BCB8F7C}</UniqueIdentifier>
      <Extensions>ts</Extensions>
    </Filter>
    <Filter Include="Header Files\ui">
      <UniqueIdentifier>{9dbab3ee-1723-4cc0-a732-f4e594e0c3c2}</UniqueIdentifier>
    </Filter>
    <Filter Include="Header Files\camera">
      <UniqueIdentifier>{e9cf11d7-7285-4db9-9273-805672cf271f}</UniqueIdentifier>
    </Filter>
    <Filter Include="Source Files\ui">
      <UniqueIdentifier>{34e7e365-828c-4890-8565-22302b9f58bf}</UniqueIdentifier>
    </Filter>
    <Filter Include="Source Files\camera">
      <UniqueIdentifier>{7265b128-c57e-4e35-9751-f4faf749e117}</UniqueIdentifier>
    </Filter>
    <Filter Include="Header Files\utils">
      <UniqueIdentifier>{e881a37b-015c-43b4-a676-7af000560096}</UniqueIdentifier>
    </Filter>
    <Filter Include="Source Files\utils">
      <UniqueIdentifier>{555bd74e-06ea-4eb6-8e9d-584aa3947b50}</UniqueIdentifier>
    </Filter>
  </ItemGroup>
  <ItemGroup>
    <QtRcc Include="daheng_stream_pusher.qrc">
      <Filter>Resource Files</Filter>
    </QtRcc>
    <QtUic Include="daheng_stream_pusher.ui">
      <Filter>Form Files</Filter>
    </QtUic>
    <None Include="daheng_stream_pusher.ico">
      <Filter>Resource Files</Filter>
    </None>
    <ResourceCompile Include="daheng_stream_pusher.rc">
      <Filter>Resource Files</Filter>
    </ResourceCompile>
  </ItemGroup>
  <ItemGroup>
    <ClCompile Include="main.cpp">
      <Filter>Source Files</Filter>
    </ClCompile>
    <ClCompile Include="daheng_stream_pusher.cpp">
      <Filter>Source Files\ui</Filter>
    </ClCompile>
    <ClCompile Include="dalsa_line_camera.cpp">
      <Filter>Source Files\camera</Filter>
    </ClCompile>
    <ClCompile Include="image_converter.cpp">
      <Filter>Source Files\camera</Filter>
    </ClCompile>
    <ClCompile Include="ini_parser.cpp">
      <Filter>Source Files\utils</Filter>
    </ClCompile>
  </ItemGroup>
  <ItemGroup>
    <QtMoc Include="daheng_stream_pusher.h">
      <Filter>Header Files\ui</Filter>
    </QtMoc>
  </ItemGroup>
  <ItemGroup>
    <ClInclude Include="dalsa_line_camera.h">
      <Filter>Header Files\camera</Filter>
    </ClInclude>
    <ClInclude Include="image_converter.h">
      <Filter>Header Files\camera</Filter>
    </ClInclude>
    <ClInclude Include="ini_parser.h">
      <Filter>Header Files\utils</Filter>
    </ClInclude>
    <ClInclude Include="ini.hpp">
      <Filter>Header Files\utils</Filter>
    </ClInclude>
  </ItemGroup>
  <ItemGroup>
    <None Include="config.ini" />
    <None Include="README.md" />
  </ItemGroup>
</Project>